
Microsoft Visual Studio Solution File, Format Version 12.00
# Visual Studio Version 16
VisualStudioVersion = 16.0.29820.132
MinimumVisualStudioVersion = 10.0.40219.1
Project("{FAE04EC0-301F-11D3-BF4B-00C04F79EFBC}") = "Russian Roulette Assessment", "Russian Roulette Assessment.csproj", "{ED9FC1C6-EBE8-41D4-94AB-1B16C1894D29}"
EndProject
Project("{2150E333-8FDC-42A3-9474-1A3956D46DE8}") = "Solution Items", "Solution Items", "{77BC2B17-FFC1-431D-AAD0-794E8358E648}"
EndProject
Project("{FAE04EC0-301F-11D3-BF4B-00C04F79EFBC}") = "Russian Roulette UnitTest", "..\Russian Roulette UnitTest\Russian Roulette UnitTest.csproj", "{45685B48-9084-4C1B-9724-4353CCAACB49}"
EndProject
Global
	GlobalSection(SolutionConfigurationPlatforms) = preSolution
		Debug|Any CPU = Debug|Any CPU
		Release|Any CPU = Release|Any CPU
	EndGlobalSection
	GlobalSection(ProjectConfigurationPlatforms) = postSolution
		{ED9FC1C6-EBE8-41D4-94AB-1B16C1894D29}.Debug|Any CPU.ActiveCfg = Debug|Any CPU
		{ED9FC1C6-EBE8-41D4-94AB-1B16C1894D29}.Debug|Any CPU.Build.0 = Debug|Any CPU
		{ED9FC1C6-EBE8-41D4-94AB-1B16C1894D29}.Release|Any CPU.ActiveCfg = Release|Any CPU
		{ED9FC1C6-EBE8-41D4-94AB-1B16C1894D29}.Release|Any CPU.Build.0 = Release|Any CPU
		{45685B48-9084-4C1B-9724-4353CCAACB49}.Debug|Any CPU.ActiveCfg = Debug|Any CPU
		{45685B48-9084-4C1B-9724-4353CCAACB49}.Debug|Any CPU.Build.0 = Debug|Any CPU
		{45685B48-9084-4C1B-9724-4353CCAACB49}.Release|Any CPU.ActiveCfg = Release|Any CPU
		{45685B48-9084-4C1B-9724-4353CCAACB49}.Release|Any CPU.Build.0 = Release|Any CPU
	EndGlobalSection
	GlobalSection(SolutionProperties) = preSolution
		HideSolutionNode = FALSE
	EndGlobalSection
	GlobalSection(ExtensibilityGlobals) = postSolution
		SolutionGuid = {87C3DAC8-928A-4EFD-8268-1ACFED94B92D}
	EndGlobalSection
EndGlobal
